
Microsoft Visual Studio Solution File, Format Version 12.00
# Visual Studio Version 17
VisualStudioVersion = 17.9.34728.123
MinimumVisualStudioVersion = 10.0.40219.1
Project("{FAE04EC0-301F-11D3-BF4B-00C04F79EFBC}") = "SurveyApplicationCleanArch", "SurveyApplicationCleanArch\SurveyApplicationCleanArch.csproj", "{33BD9626-584B-4344-8459-F524B04A269E}"
EndProject
Global
	GlobalSection(SolutionConfigurationPlatforms) = preSolution
		Debug|Any CPU = Debug|Any CPU
		Release|Any CPU = Release|Any CPU
	EndGlobalSection
	GlobalSection(ProjectConfigurationPlatforms) = postSolution
		{33BD9626-584B-4344-8459-F524B04A269E}.Debug|Any CPU.ActiveCfg = Debug|Any CPU
		{33BD9626-584B-4344-8459-F524B04A269E}.Debug|Any CPU.Build.0 = Debug|Any CPU
		{33BD9626-584B-4344-8459-F524B04A269E}.Release|Any CPU.ActiveCfg = Release|Any CPU
		{33BD9626-584B-4344-8459-F524B04A269E}.Release|Any CPU.Build.0 = Release|Any CPU
	EndGlobalSection
	GlobalSection(SolutionProperties) = preSolution
		HideSolutionNode = FALSE
	EndGlobalSection
	GlobalSection(ExtensibilityGlobals) = postSolution
		SolutionGuid = {038BD94B-947D-411E-967B-38C11F689D37}
	EndGlobalSection
EndGlobal
